
Microsoft Visual Studio Solution File, Format Version 12.00
# Visual Studio Version 16
VisualStudioVersion = 16.0.810.6
MinimumVisualStudioVersion = 10.0.40219.1
Project("{FAE04EC0-301F-11D3-BF4B-00C04F79EFBC}") = "Iris.IdentityServer4.MongoDB", "Iris.IdentityServer4.MongoDB.csproj", "{EA113208-8DC4-4FC9-A60E-C86B23F8B581}"
EndProject
Global
	GlobalSection(SolutionConfigurationPlatforms) = preSolution
		Debug|Any CPU = Debug|Any CPU
		Release|Any CPU = Release|Any CPU
	EndGlobalSection
	GlobalSection(ProjectConfigurationPlatforms) = postSolution
		{EA113208-8DC4-4FC9-A60E-C86B23F8B581}.Debug|Any CPU.ActiveCfg = Debug|Any CPU
		{EA113208-8DC4-4FC9-A60E-C86B23F8B581}.Debug|Any CPU.Build.0 = Debug|Any CPU
		{EA113208-8DC4-4FC9-A60E-C86B23F8B581}.Release|Any CPU.ActiveCfg = Release|Any CPU
		{EA113208-8DC4-4FC9-A60E-C86B23F8B581}.Release|Any CPU.Build.0 = Release|Any CPU
	EndGlobalSection
	GlobalSection(SolutionProperties) = preSolution
		HideSolutionNode = FALSE
	EndGlobalSection
	GlobalSection(ExtensibilityGlobals) = postSolution
		SolutionGuid = {2F9310CB-A48F-41F5-AFAF-5C2C501A3E2D}
	EndGlobalSection
EndGlobal
