
Microsoft Visual Studio Solution File, Format Version 12.00
# Visual Studio Version 16
VisualStudioVersion = 16.0.810.6
MinimumVisualStudioVersion = 10.0.40219.1
Project("{FAE04EC0-301F-11D3-BF4B-00C04F79EFBC}") = "Iris.IdentityServer4.MongoDB", "Iris.IdentityServer4.MongoDB.csproj", "{DDBA2586-7550-420A-ACFB-428760515770}"
EndProject
Global
	GlobalSection(SolutionConfigurationPlatforms) = preSolution
		Debug|Any CPU = Debug|Any CPU
		Release|Any CPU = Release|Any CPU
	EndGlobalSection
	GlobalSection(ProjectConfigurationPlatforms) = postSolution
		{DDBA2586-7550-420A-ACFB-428760515770}.Debug|Any CPU.ActiveCfg = Debug|Any CPU
		{DDBA2586-7550-420A-ACFB-428760515770}.Debug|Any CPU.Build.0 = Debug|Any CPU
		{DDBA2586-7550-420A-ACFB-428760515770}.Release|Any CPU.ActiveCfg = Release|Any CPU
		{DDBA2586-7550-420A-ACFB-428760515770}.Release|Any CPU.Build.0 = Release|Any CPU
	EndGlobalSection
	GlobalSection(SolutionProperties) = preSolution
		HideSolutionNode = FALSE
	EndGlobalSection
	GlobalSection(ExtensibilityGlobals) = postSolution
		SolutionGuid = {F7A182CB-372D-487D-B48C-7A2757E8988A}
	EndGlobalSection
EndGlobal
